{
  "name": "@csg-org/email-builder",
  "version": "0.0.11",
  "lockfileVersion": 3,
  "requires": true,
  "packages": {
    "": {
      "name": "@csg-org/email-builder",
      "version": "0.0.11",
      "license": "MIT",
      "dependencies": {
        "@csg-org/block-avatar": "^0.0.11",
        "@csg-org/block-button": "^0.0.11",
        "@csg-org/block-columns-container": "^0.0.11",
        "@csg-org/block-container": "^0.0.11",
        "@csg-org/block-divider": "^0.0.11",
        "@csg-org/block-heading": "^0.0.11",
        "@csg-org/block-html": "^0.0.11",
        "@csg-org/block-image": "^0.0.11",
        "@csg-org/block-spacer": "^0.0.11",
        "@csg-org/block-text": "^0.0.11",
        "@csg-org/document-core": "^0.0.11"
      },
      "peerDependencies": {
        "react": "^16 || ^17 || ^18",
        "react-dom": "^16 || ^17 || ^18",
        "zod": "^1 || ^2 || ^3"
      }
    },
    "node_modules/@csg-org/block-avatar": {
      "version": "0.0.11",
      "resolved": "https://registry.npmjs.org/@csg-org/block-avatar/-/block-avatar-0.0.11.tgz",
      "integrity": "sha512-Dba/lkra27so16DJZ4Zb+oFwiNubk4Ekf8uS8yAOq9qhHtVZM07ROjA6zoT7eXhVbIul8n+sBqiWrS6hGYcdwA==",
      "license": "MIT",
      "peerDependencies": {
        "react": "^16 || ^17 || ^18",
        "zod": "^1 || ^2 || ^3"
      }
    },
    "node_modules/@csg-org/block-button": {
      "version": "0.0.11",
      "resolved": "https://registry.npmjs.org/@csg-org/block-button/-/block-button-0.0.11.tgz",
      "integrity": "sha512-riqn7+o0IO496/b/bQT0Z+9u9UJPK0dWo+r4gFB85jbyu9l0d+6bJm2cRHId114WBbINu+z6nNlL4p3qH+8Wbg==",
      "license": "MIT",
      "peerDependencies": {
        "react": "^16 || ^17 || ^18",
        "zod": "^1 || ^2 || ^3"
      }
    },
    "node_modules/@csg-org/block-columns-container": {
      "version": "0.0.11",
      "resolved": "https://registry.npmjs.org/@csg-org/block-columns-container/-/block-columns-container-0.0.11.tgz",
      "integrity": "sha512-GwikVMyRaJUXZ8AwdFToha3i5WI2r+UgMcLZ7M7n47ofVV+WqSJicPaqaB0NV9rpNk3X0ItXemod8lx+qrDAFA==",
      "license": "MIT",
      "peerDependencies": {
        "react": "^16 || ^17 || ^18",
        "zod": "^1 || ^2 || ^3"
      }
    },
    "node_modules/@csg-org/block-container": {
      "version": "0.0.11",
      "resolved": "https://registry.npmjs.org/@csg-org/block-container/-/block-container-0.0.11.tgz",
      "integrity": "sha512-YhpxwgKQcd5VGEqBQ4SPFqD0ITAIq6Jl/GjCGRotkSNt9XomixXIJP63vJR+8XkmO+kI6N/jgLZfkbdO28lUow==",
      "license": "MIT",
      "peerDependencies": {
        "react": "^16 || ^17 || ^18",
        "zod": "^1 || ^2 || ^3"
      }
    },
    "node_modules/@csg-org/block-divider": {
      "version": "0.0.11",
      "resolved": "https://registry.npmjs.org/@csg-org/block-divider/-/block-divider-0.0.11.tgz",
      "integrity": "sha512-S7tZ6WVleNVe6aJnSiIgO3sBhcSAKXi80A4ZrW2Rv3RX4ZuCMnRxSq7LWyKzhhN2BH41iY0NZ9fwGuXSXh2JxA==",
      "license": "MIT",
      "peerDependencies": {
        "react": "^16 || ^17 || ^18",
        "zod": "^1 || ^2 || ^3"
      }
    },
    "node_modules/@csg-org/block-heading": {
      "version": "0.0.11",
      "resolved": "https://registry.npmjs.org/@csg-org/block-heading/-/block-heading-0.0.11.tgz",
      "integrity": "sha512-WKV85OuNsMPIYAraX5T3L7HA3xygC+8pNgTG1ZBGnDL1q3rr6GqNxoD7KgmNfuptO+UKqP8cfK41w2Dxye34vQ==",
      "license": "MIT",
      "peerDependencies": {
        "react": "^16 || ^17 || ^18",
        "zod": "^1 || ^2 || ^3"
      }
    },
    "node_modules/@csg-org/block-html": {
      "version": "0.0.11",
      "resolved": "https://registry.npmjs.org/@csg-org/block-html/-/block-html-0.0.11.tgz",
      "integrity": "sha512-/8no/YWniSjz//SgPCKlD0QnsbPCg1QW22He6J037d4NVyE9pkqIT/5Rek6zffLpV4ksGtGgnZC9OPFIZCz58Q==",
      "license": "MIT",
      "peerDependencies": {
        "react": "^16 || ^17 || ^18",
        "zod": "^1 || ^2 || ^3"
      }
    },
    "node_modules/@csg-org/block-image": {
      "version": "0.0.11",
      "resolved": "https://registry.npmjs.org/@csg-org/block-image/-/block-image-0.0.11.tgz",
      "integrity": "sha512-5kBOMcERd0lk05o7OlP13oEhWauf4/obSrdKm0TMzpQvDHN5/dL4vndYlt//La2ZjqlE5SkZ55sLebXA6PQWRg==",
      "license": "MIT",
      "peerDependencies": {
        "react": "^16 || ^17 || ^18",
        "zod": "^1 || ^2 || ^3"
      }
    },
    "node_modules/@csg-org/block-spacer": {
      "version": "0.0.11",
      "resolved": "https://registry.npmjs.org/@csg-org/block-spacer/-/block-spacer-0.0.11.tgz",
      "integrity": "sha512-mBHKn2xvoILxblHk7WQPCA5fwfCBWWkHNjbSvh+0ewfGZizhKNt7H79lP3BzyySlJtq8iAP8/b5gXJouUCg/Wg==",
      "license": "MIT",
      "peerDependencies": {
        "react": "^16 || ^17 || ^18",
        "zod": "^1 || ^2 || ^3"
      }
    },
    "node_modules/@csg-org/block-text": {
      "version": "0.0.11",
      "resolved": "https://registry.npmjs.org/@csg-org/block-text/-/block-text-0.0.11.tgz",
      "integrity": "sha512-G7p500ZcZmO6sxsFrG8QPPI0JQy59+nwxzBQBVF7oso3uooLle3piJ0b1Wu92QtRuchBc5u4rS7xBSWISxTOmQ==",
      "license": "MIT",
      "dependencies": {
        "marked": "^12.0.2",
        "sanitize-html": "^2.17.0"
      },
      "peerDependencies": {
        "react": "^16 || ^17 || ^18",
        "zod": "^1 || ^2 || ^3"
      }
    },
    "node_modules/@csg-org/document-core": {
      "version": "0.0.11",
      "resolved": "https://registry.npmjs.org/@csg-org/document-core/-/document-core-0.0.11.tgz",
      "integrity": "sha512-92oynZH9QZfY14vjrwn0ELWOfEzoghoC4M4N0AdFnKNL0SG+SIECrAJlwU7KhPjWUDnj+aYyJ4boQMYFn1mu+Q==",
      "license": "MIT",
      "peerDependencies": {
        "react": "^16 || ^17 || ^18",
        "zod": "^1 || ^2 || ^3"
      }
    },
    "node_modules/deepmerge": {
      "version": "4.3.1",
      "resolved": "https://registry.npmjs.org/deepmerge/-/deepmerge-4.3.1.tgz",
      "integrity": "sha512-3sUqbMEc77XqpdNO7FRyRog+eW3ph+GYCbj+rK+uYyRMuwsVy0rMiVtPn+QJlKFvWP/1PYpapqYn0Me2knFn+A==",
      "license": "MIT",
      "engines": {
        "node": ">=0.10.0"
      }
    },
    "node_modules/dom-serializer": {
      "version": "2.0.0",
      "resolved": "https://registry.npmjs.org/dom-serializer/-/dom-serializer-2.0.0.tgz",
      "integrity": "sha512-wIkAryiqt/nV5EQKqQpo3SToSOV9J0DnbJqwK7Wv/Trc92zIAYZ4FlMu+JPFW1DfGFt81ZTCGgDEabffXeLyJg==",
      "license": "MIT",
      "dependencies": {
        "domelementtype": "^2.3.0",
        "domhandler": "^5.0.2",
        "entities": "^4.2.0"
      },
      "funding": {
        "url": "https://github.com/cheeriojs/dom-serializer?sponsor=1"
      }
    },
    "node_modules/domelementtype": {
      "version": "2.3.0",
      "resolved": "https://registry.npmjs.org/domelementtype/-/domelementtype-2.3.0.tgz",
      "integrity": "sha512-OLETBj6w0OsagBwdXnPdN0cnMfF9opN69co+7ZrbfPGrdpPVNBUj02spi6B1N7wChLQiPn4CSH/zJvXw56gmHw==",
      "funding": [
        {
          "type": "github",
          "url": "https://github.com/sponsors/fb55"
        }
      ],
      "license": "BSD-2-Clause"
    },
    "node_modules/domhandler": {
      "version": "5.0.3",
      "resolved": "https://registry.npmjs.org/domhandler/-/domhandler-5.0.3.tgz",
      "integrity": "sha512-cgwlv/1iFQiFnU96XXgROh8xTeetsnJiDsTc7TYCLFd9+/WNkIqPTxiM/8pSd8VIrhXGTf1Ny1q1hquVqDJB5w==",
      "license": "BSD-2-Clause",
      "dependencies": {
        "domelementtype": "^2.3.0"
      },
      "engines": {
        "node": ">= 4"
      },
      "funding": {
        "url": "https://github.com/fb55/domhandler?sponsor=1"
      }
    },
    "node_modules/domutils": {
      "version": "3.2.2",
      "resolved": "https://registry.npmjs.org/domutils/-/domutils-3.2.2.tgz",
      "integrity": "sha512-6kZKyUajlDuqlHKVX1w7gyslj9MPIXzIFiz/rGu35uC1wMi+kMhQwGhl4lt9unC9Vb9INnY9Z3/ZA3+FhASLaw==",
      "license": "BSD-2-Clause",
      "dependencies": {
        "dom-serializer": "^2.0.0",
        "domelementtype": "^2.3.0",
        "domhandler": "^5.0.3"
      },
      "funding": {
        "url": "https://github.com/fb55/domutils?sponsor=1"
      }
    },
    "node_modules/entities": {
      "version": "4.5.0",
      "resolved": "https://registry.npmjs.org/entities/-/entities-4.5.0.tgz",
      "integrity": "sha512-V0hjH4dGPh9Ao5p0MoRY6BVqtwCjhz6vI5LT8AJ55H+4g9/4vbHx1I54fS0XuclLhDHArPQCiMjDxjaL8fPxhw==",
      "license": "BSD-2-Clause",
      "engines": {
        "node": ">=0.12"
      },
      "funding": {
        "url": "https://github.com/fb55/entities?sponsor=1"
      }
    },
    "node_modules/escape-string-regexp": {
      "version": "4.0.0",
      "resolved": "https://registry.npmjs.org/escape-string-regexp/-/escape-string-regexp-4.0.0.tgz",
      "integrity": "sha512-TtpcNJ3XAzx3Gq8sWRzJaVajRs0uVxA2YAkdb1jm2YkPz4G6egUFAyA3n5vtEIZefPk5Wa4UXbKuS5fKkJWdgA==",
      "license": "MIT",
      "engines": {
        "node": ">=10"
      },
      "funding": {
        "url": "https://github.com/sponsors/sindresorhus"
      }
    },
    "node_modules/htmlparser2": {
      "version": "8.0.2",
      "resolved": "https://registry.npmjs.org/htmlparser2/-/htmlparser2-8.0.2.tgz",
      "integrity": "sha512-GYdjWKDkbRLkZ5geuHs5NY1puJ+PXwP7+fHPRz06Eirsb9ugf6d8kkXav6ADhcODhFFPMIXyxkxSuMf3D6NCFA==",
      "funding": [
        "https://github.com/fb55/htmlparser2?sponsor=1",
        {
          "type": "github",
          "url": "https://github.com/sponsors/fb55"
        }
      ],
      "license": "MIT",
      "dependencies": {
        "domelementtype": "^2.3.0",
        "domhandler": "^5.0.3",
        "domutils": "^3.0.1",
        "entities": "^4.4.0"
      }
    },
    "node_modules/is-plain-object": {
      "version": "5.0.0",
      "resolved": "https://registry.npmjs.org/is-plain-object/-/is-plain-object-5.0.0.tgz",
      "integrity": "sha512-VRSzKkbMm5jMDoKLbltAkFQ5Qr7VDiTFGXxYFXXowVj387GeGNOCsOH6Msy00SGZ3Fp84b1Naa1psqgcCIEP5Q==",
      "license": "MIT",
      "engines": {
        "node": ">=0.10.0"
      }
    },
    "node_modules/js-tokens": {
      "version": "4.0.0",
      "resolved": "https://registry.npmjs.org/js-tokens/-/js-tokens-4.0.0.tgz",
      "integrity": "sha512-RdJUflcE3cUzKiMqQgsCu06FPu9UdIJO0beYbPhHN4k6apgJtifcoCtT9bcxOpYBtpD2kCM6Sbzg4CausW/PKQ==",
      "peer": true
    },
    "node_modules/loose-envify": {
      "version": "1.4.0",
      "resolved": "https://registry.npmjs.org/loose-envify/-/loose-envify-1.4.0.tgz",
      "integrity": "sha512-lyuxPGr/Wfhrlem2CL/UcnUc1zcqKAImBDzukY7Y5F/yQiNdko6+fRLevlw1HgMySw7f611UIY408EtxRSoK3Q==",
      "peer": true,
      "dependencies": {
        "js-tokens": "^3.0.0 || ^4.0.0"
      },
      "bin": {
        "loose-envify": "cli.js"
      }
    },
    "node_modules/marked": {
      "version": "12.0.2",
      "resolved": "https://registry.npmjs.org/marked/-/marked-12.0.2.tgz",
      "integrity": "sha512-qXUm7e/YKFoqFPYPa3Ukg9xlI5cyAtGmyEIzMfW//m6kXwCy2Ps9DYf5ioijFKQ8qyuscrHoY04iJGctu2Kg0Q==",
      "bin": {
        "marked": "bin/marked.js"
      },
      "engines": {
        "node": ">= 18"
      }
    },
    "node_modules/nanoid": {
      "version": "3.3.11",
      "resolved": "https://registry.npmjs.org/nanoid/-/nanoid-3.3.11.tgz",
      "integrity": "sha512-N8SpfPUnUp1bK+PMYW8qSWdl9U+wwNWI4QKxOYDy9JAro3WMX7p2OeVRF9v+347pnakNevPmiHhNmZ2HbFA76w==",
      "funding": [
        {
          "type": "github",
          "url": "https://github.com/sponsors/ai"
        }
      ],
      "license": "MIT",
      "bin": {
        "nanoid": "bin/nanoid.cjs"
      },
      "engines": {
        "node": "^10 || ^12 || ^13.7 || ^14 || >=15.0.1"
      }
    },
    "node_modules/parse-srcset": {
      "version": "1.0.2",
      "resolved": "https://registry.npmjs.org/parse-srcset/-/parse-srcset-1.0.2.tgz",
      "integrity": "sha512-/2qh0lav6CmI15FzA3i/2Bzk2zCgQhGMkvhOhKNcBVQ1ldgpbfiNTVslmooUmWJcADi1f1kIeynbDRVzNlfR6Q==",
      "license": "MIT"
    },
    "node_modules/picocolors": {
      "version": "1.1.1",
      "resolved": "https://registry.npmjs.org/picocolors/-/picocolors-1.1.1.tgz",
      "integrity": "sha512-xceH2snhtb5M9liqDsmEw56le376mTZkEX/jEb/RxNFyegNul7eNslCXP9FDj/Lcu0X8KEyMceP2ntpaHrDEVA==",
      "license": "ISC"
    },
    "node_modules/postcss": {
      "version": "8.5.6",
      "resolved": "https://registry.npmjs.org/postcss/-/postcss-8.5.6.tgz",
      "integrity": "sha512-3Ybi1tAuwAP9s0r1UQ2J4n5Y0G05bJkpUIO0/bI9MhwmD70S5aTWbXGBwxHrelT+XM1k6dM0pk+SwNkpTRN7Pg==",
      "funding": [
        {
          "type": "opencollective",
          "url": "https://opencollective.com/postcss/"
        },
        {
          "type": "tidelift",
          "url": "https://tidelift.com/funding/github/npm/postcss"
        },
        {
          "type": "github",
          "url": "https://github.com/sponsors/ai"
        }
      ],
      "license": "MIT",
      "dependencies": {
        "nanoid": "^3.3.11",
        "picocolors": "^1.1.1",
        "source-map-js": "^1.2.1"
      },
      "engines": {
        "node": "^10 || ^12 || >=14"
      }
    },
    "node_modules/react": {
      "version": "18.2.0",
      "resolved": "https://registry.npmjs.org/react/-/react-18.2.0.tgz",
      "integrity": "sha512-/3IjMdb2L9QbBdWiW5e3P2/npwMBaU9mHCSCUzNln0ZCYbcfTsGbTJrU/kGemdH2IWmB2ioZ+zkxtmq6g09fGQ==",
      "peer": true,
      "dependencies": {
        "loose-envify": "^1.1.0"
      },
      "engines": {
        "node": ">=0.10.0"
      }
    },
    "node_modules/react-dom": {
      "version": "18.2.0",
      "resolved": "https://registry.npmjs.org/react-dom/-/react-dom-18.2.0.tgz",
      "integrity": "sha512-6IMTriUmvsjHUjNtEDudZfuDQUoWXVxKHhlEGSk81n4YFS+r/Kl99wXiwlVXtPBtJenozv2P+hxDsw9eA7Xo6g==",
      "peer": true,
      "dependencies": {
        "loose-envify": "^1.1.0",
        "scheduler": "^0.23.0"
      },
      "peerDependencies": {
        "react": "^18.2.0"
      }
    },
    "node_modules/sanitize-html": {
      "version": "2.17.0",
      "resolved": "https://registry.npmjs.org/sanitize-html/-/sanitize-html-2.17.0.tgz",
      "integrity": "sha512-dLAADUSS8rBwhaevT12yCezvioCA+bmUTPH/u57xKPT8d++voeYE6HeluA/bPbQ15TwDBG2ii+QZIEmYx8VdxA==",
      "license": "MIT",
      "dependencies": {
        "deepmerge": "^4.2.2",
        "escape-string-regexp": "^4.0.0",
        "htmlparser2": "^8.0.0",
        "is-plain-object": "^5.0.0",
        "parse-srcset": "^1.0.2",
        "postcss": "^8.3.11"
      }
    },
    "node_modules/scheduler": {
      "version": "0.23.0",
      "resolved": "https://registry.npmjs.org/scheduler/-/scheduler-0.23.0.tgz",
      "integrity": "sha512-CtuThmgHNg7zIZWAXi3AsyIzA3n4xx7aNyjwC2VJldO2LMVDhFK+63xGqq6CsJH4rTAt6/M+N4GhZiDYPx9eUw==",
      "peer": true,
      "dependencies": {
        "loose-envify": "^1.1.0"
      }
    },
    "node_modules/source-map-js": {
      "version": "1.2.1",
      "resolved": "https://registry.npmjs.org/source-map-js/-/source-map-js-1.2.1.tgz",
      "integrity": "sha512-UXWMKhLOwVKb728IUtQPXxfYU+usdybtUrK/8uGE8CQMvrhOpwvzDBwj0QhSL7MQc7vIsISBG8VQ8+IDQxpfQA==",
      "license": "BSD-3-Clause",
      "engines": {
        "node": ">=0.10.0"
      }
    },
    "node_modules/zod": {
      "version": "3.22.4",
      "resolved": "https://registry.npmjs.org/zod/-/zod-3.22.4.tgz",
      "integrity": "sha512-iC+8Io04lddc+mVqQ9AZ7OQ2MrUKGN+oIQyq1vemgt46jwCwLfhq7/pwnBnNXXXZb8VTVLKwp9EDkx+ryxIWmg==",
      "peer": true,
      "funding": {
        "url": "https://github.com/sponsors/colinhacks"
      }
    }
  }
}
