{
  "name": "@csg-org/email-builder",
  "version": "0.0.13",
  "lockfileVersion": 3,
  "requires": true,
  "packages": {
    "": {
      "name": "@csg-org/email-builder",
      "version": "0.0.13",
      "license": "MIT",
      "dependencies": {
        "@csg-org/block-avatar": "^0.0.13",
        "@csg-org/block-button": "^0.0.13",
        "@csg-org/block-columns-container": "^0.0.13",
        "@csg-org/block-container": "^0.0.13",
        "@csg-org/block-divider": "^0.0.13",
        "@csg-org/block-heading": "^0.0.13",
        "@csg-org/block-html": "^0.0.13",
        "@csg-org/block-image": "^0.0.13",
        "@csg-org/block-spacer": "^0.0.13",
        "@csg-org/block-text": "^0.0.13",
        "@csg-org/document-core": "^0.0.13"
      },
      "devDependencies": {
        "@types/react": "^18.3.31",
        "@types/react-dom": "^18.3.7"
      },
      "peerDependencies": {
        "react": "^16 || ^17 || ^18",
        "react-dom": "^16 || ^17 || ^18",
        "zod": "^1 || ^2 || ^3"
      }
    },
    "node_modules/@csg-org/block-avatar": {
      "version": "0.0.13",
      "resolved": "https://registry.npmjs.org/@csg-org/block-avatar/-/block-avatar-0.0.13.tgz",
      "integrity": "sha512-v5/kKyGGZU6cZ1vKkE9E4YbDm4hTi4DDC9f4B9uLegyR+mr1r7LNeGwMRbAfX3z817Myby8cx6KbFE3+aK5wlQ==",
      "license": "MIT",
      "peerDependencies": {
        "react": "^16 || ^17 || ^18",
        "zod": "^1 || ^2 || ^3"
      }
    },
    "node_modules/@csg-org/block-button": {
      "version": "0.0.13",
      "resolved": "https://registry.npmjs.org/@csg-org/block-button/-/block-button-0.0.13.tgz",
      "integrity": "sha512-g2FWzr5moAaI+s1fitlt0KxhMFs3rbLYGz4BoiZzFGVYqufit/sRIYaxLrvL37WgEgVMwoFcUN7wXUNb9ry5XQ==",
      "license": "MIT",
      "peerDependencies": {
        "react": "^16 || ^17 || ^18",
        "zod": "^1 || ^2 || ^3"
      }
    },
    "node_modules/@csg-org/block-columns-container": {
      "version": "0.0.13",
      "resolved": "https://registry.npmjs.org/@csg-org/block-columns-container/-/block-columns-container-0.0.13.tgz",
      "integrity": "sha512-0o4xO8IhghpGWsiCbL+BlvEo2Nn55lH2uWJsK3/waBr0Vz6rUk92VZM200RyNhStdyoLpZSSgilknTQyfixscA==",
      "license": "MIT",
      "peerDependencies": {
        "react": "^16 || ^17 || ^18",
        "zod": "^1 || ^2 || ^3"
      }
    },
    "node_modules/@csg-org/block-container": {
      "version": "0.0.13",
      "resolved": "https://registry.npmjs.org/@csg-org/block-container/-/block-container-0.0.13.tgz",
      "integrity": "sha512-z2n/+feBRJOhPCsOrdBpz3U0wYSn0vOvuUgBut+b4ZBwJA5uX9v8Mu/2Y2OgHsdXr8AC3frDfU6V8GhWsLD2EQ==",
      "license": "MIT",
      "peerDependencies": {
        "react": "^16 || ^17 || ^18",
        "zod": "^1 || ^2 || ^3"
      }
    },
    "node_modules/@csg-org/block-divider": {
      "version": "0.0.13",
      "resolved": "https://registry.npmjs.org/@csg-org/block-divider/-/block-divider-0.0.13.tgz",
      "integrity": "sha512-b1ZqdRIA/kmpMGezfiwQmR22pvQlB+vwQju74G0h4j5YQFPwmJsF8nLJMGt9IrTQtmzQnDmaEEn+ura4lbbxuw==",
      "license": "MIT",
      "peerDependencies": {
        "react": "^16 || ^17 || ^18",
        "zod": "^1 || ^2 || ^3"
      }
    },
    "node_modules/@csg-org/block-heading": {
      "version": "0.0.13",
      "resolved": "https://registry.npmjs.org/@csg-org/block-heading/-/block-heading-0.0.13.tgz",
      "integrity": "sha512-86qcSA8G8kTGc6ue6Hr99BDRKhZiDCVPsB2BzTNIVrXsxYzIUjo2sMW4er23jYOWFarPasGJRpUymKOZgd+P6w==",
      "license": "MIT",
      "peerDependencies": {
        "react": "^16 || ^17 || ^18",
        "zod": "^1 || ^2 || ^3"
      }
    },
    "node_modules/@csg-org/block-html": {
      "version": "0.0.13",
      "resolved": "https://registry.npmjs.org/@csg-org/block-html/-/block-html-0.0.13.tgz",
      "integrity": "sha512-T4yoQWScDQu/QJLpzLj7KJ/QuPtiPEh4Uvh8+riov6u6HNWGW+jCi5vDdXxbrJ1m5wV2SpXnZSdpCf/xylazVw==",
      "license": "MIT",
      "peerDependencies": {
        "react": "^16 || ^17 || ^18",
        "zod": "^1 || ^2 || ^3"
      }
    },
    "node_modules/@csg-org/block-image": {
      "version": "0.0.13",
      "resolved": "https://registry.npmjs.org/@csg-org/block-image/-/block-image-0.0.13.tgz",
      "integrity": "sha512-oHnS+v6WAwAhgc7/KTqKLZAJzNh4E//9N57SfA/uYlM8TzCgjLXxXdpu7M+BzORdEDWdu1wQqFPcAuiu/P9BoQ==",
      "license": "MIT",
      "peerDependencies": {
        "react": "^16 || ^17 || ^18",
        "zod": "^1 || ^2 || ^3"
      }
    },
    "node_modules/@csg-org/block-spacer": {
      "version": "0.0.13",
      "resolved": "https://registry.npmjs.org/@csg-org/block-spacer/-/block-spacer-0.0.13.tgz",
      "integrity": "sha512-QEm9dWs1bB8WXIX01YZQhG02K0DSY+N+ptPMtvyfe7eFQjlnw980Tvj6rHiHa7kfq6SfbehKXhyZ35byCvoQGA==",
      "license": "MIT",
      "peerDependencies": {
        "react": "^16 || ^17 || ^18",
        "zod": "^1 || ^2 || ^3"
      }
    },
    "node_modules/@csg-org/block-text": {
      "version": "0.0.13",
      "resolved": "https://registry.npmjs.org/@csg-org/block-text/-/block-text-0.0.13.tgz",
      "integrity": "sha512-NYiWwJbnXfTOO3fVDZxRXp53ZAXrjsbepBmI/AyXvU9iNoaxXqKDBNTvAwIQet51XPC+2sm643Z+flNvVmfo/w==",
      "license": "MIT",
      "dependencies": {
        "marked": "^12.0.2",
        "sanitize-html": "^2.17.0"
      },
      "peerDependencies": {
        "react": "^16 || ^17 || ^18",
        "zod": "^1 || ^2 || ^3"
      }
    },
    "node_modules/@csg-org/document-core": {
      "version": "0.0.13",
      "resolved": "https://registry.npmjs.org/@csg-org/document-core/-/document-core-0.0.13.tgz",
      "integrity": "sha512-O8gzvFj2X7CsknyKzZ2pA3WboENn/dWwv48QTX06kXB8ILmzMqtGaNh6SrcYNWcFMNdHVZpqS/hcdR6SC91Jkw==",
      "license": "MIT",
      "peerDependencies": {
        "react": "^16 || ^17 || ^18",
        "zod": "^1 || ^2 || ^3"
      }
    },
    "node_modules/@types/prop-types": {
      "version": "15.7.15",
      "resolved": "https://registry.npmjs.org/@types/prop-types/-/prop-types-15.7.15.tgz",
      "integrity": "sha512-F6bEyamV9jKGAFBEmlQnesRPGOQqS2+Uwi0Em15xenOxHaf2hv6L8YCVn3rPdPJOiJfPiCnLIRyvwVaqMY3MIw==",
      "dev": true,
      "license": "MIT"
    },
    "node_modules/@types/react": {
      "version": "18.3.31",
      "resolved": "https://registry.npmjs.org/@types/react/-/react-18.3.31.tgz",
      "integrity": "sha512-vfEqpXTvwT91yhmwdfouStN2hSKwTvyRs8qpLfADyrq/kxDw0hZM7Wk9Ug1FELj8hIby+S/+kQCSRFF32nv2Qw==",
      "dev": true,
      "license": "MIT",
      "dependencies": {
        "@types/prop-types": "*",
        "csstype": "^3.2.2"
      }
    },
    "node_modules/@types/react-dom": {
      "version": "18.3.7",
      "resolved": "https://registry.npmjs.org/@types/react-dom/-/react-dom-18.3.7.tgz",
      "integrity": "sha512-MEe3UeoENYVFXzoXEWsvcpg6ZvlrFNlOQ7EOsvhI3CfAXwzPfO8Qwuxd40nepsYKqyyVQnTdEfv68q91yLcKrQ==",
      "dev": true,
      "license": "MIT",
      "peerDependencies": {
        "@types/react": "^18.0.0"
      }
    },
    "node_modules/csstype": {
      "version": "3.2.3",
      "resolved": "https://registry.npmjs.org/csstype/-/csstype-3.2.3.tgz",
      "integrity": "sha512-z1HGKcYy2xA8AGQfwrn0PAy+PB7X/GSj3UVJW9qKyn43xWa+gl5nXmU4qqLMRzWVLFC8KusUX8T/0kCiOYpAIQ==",
      "dev": true,
      "license": "MIT"
    },
    "node_modules/dayjs": {
      "version": "1.11.21",
      "resolved": "https://registry.npmjs.org/dayjs/-/dayjs-1.11.21.tgz",
      "integrity": "sha512-98IT+HOahAisibz/yjKbzuOBwYcjJ7BCLPzARyHiyEBmRz4fatF+KPJszEHXsGYjUG234aH/cOjW1wwTbKUZlA==",
      "license": "MIT"
    },
    "node_modules/deepmerge": {
      "version": "4.3.1",
      "resolved": "https://registry.npmjs.org/deepmerge/-/deepmerge-4.3.1.tgz",
      "integrity": "sha512-3sUqbMEc77XqpdNO7FRyRog+eW3ph+GYCbj+rK+uYyRMuwsVy0rMiVtPn+QJlKFvWP/1PYpapqYn0Me2knFn+A==",
      "license": "MIT",
      "engines": {
        "node": ">=0.10.0"
      }
    },
    "node_modules/dom-serializer": {
      "version": "3.1.1",
      "resolved": "https://registry.npmjs.org/dom-serializer/-/dom-serializer-3.1.1.tgz",
      "integrity": "sha512-4MEa38/QexBob6gFNwu+EGdWvhJ1OKuNwdYY3Y3NyeWDQfnGeDYQUDfIRzWu5B5gsv03so2Uxd28YC6zrsx3Lw==",
      "license": "MIT",
      "dependencies": {
        "domelementtype": "^3.0.0",
        "domhandler": "^6.0.0",
        "entities": "^8.0.0"
      },
      "engines": {
        "node": ">=20.19.0"
      },
      "funding": {
        "type": "github",
        "url": "https://github.com/cheeriojs/dom-serializer?sponsor=1"
      }
    },
    "node_modules/domelementtype": {
      "version": "3.0.0",
      "resolved": "https://registry.npmjs.org/domelementtype/-/domelementtype-3.0.0.tgz",
      "integrity": "sha512-umCQid3jKbDmVjx8jGaW7uUykm4DEUeyV21hPxNMo2nV955DhUThwqyOIDtreepP31hl84X7G5U9ZfsWvIB3Pg==",
      "funding": [
        {
          "type": "github",
          "url": "https://github.com/sponsors/fb55"
        }
      ],
      "license": "BSD-2-Clause",
      "engines": {
        "node": ">=20.19.0"
      }
    },
    "node_modules/domhandler": {
      "version": "6.0.1",
      "resolved": "https://registry.npmjs.org/domhandler/-/domhandler-6.0.1.tgz",
      "integrity": "sha512-gYzvtM72ZtxQO0T048kd6HWSbbGCNOUwcnfQ01cqIJ4X2IYKFFHZ5mKvrQETcFXxsRObZulDaKmy//R7TPtsBg==",
      "license": "BSD-2-Clause",
      "dependencies": {
        "domelementtype": "^3.0.0"
      },
      "engines": {
        "node": ">=20.19.0"
      },
      "funding": {
        "type": "github",
        "url": "https://github.com/fb55/domhandler?sponsor=1"
      }
    },
    "node_modules/domutils": {
      "version": "4.0.2",
      "resolved": "https://registry.npmjs.org/domutils/-/domutils-4.0.2.tgz",
      "integrity": "sha512-qI4JLRKnSzqFqr7hAlS5xQDusBCjKSEG4t4+7aNrIQMHBcsC2TGEhuyABJdYkgSewL57PNLYEiibY2iPKhKpaA==",
      "license": "BSD-2-Clause",
      "dependencies": {
        "dom-serializer": "^3.0.0",
        "domelementtype": "^3.0.0",
        "domhandler": "^6.0.0"
      },
      "engines": {
        "node": ">=20.19.0"
      },
      "funding": {
        "type": "github",
        "url": "https://github.com/fb55/domutils?sponsor=1"
      }
    },
    "node_modules/entities": {
      "version": "8.0.0",
      "resolved": "https://registry.npmjs.org/entities/-/entities-8.0.0.tgz",
      "integrity": "sha512-zwfzJecQ/Uej6tusMqwAqU/6KL2XaB2VZ2Jg54Je6ahNBGNH6Ek6g3jjNCF0fG9EWQKGZNddNjU5F1ZQn/sBnA==",
      "license": "BSD-2-Clause",
      "engines": {
        "node": ">=20.19.0"
      },
      "funding": {
        "url": "https://github.com/fb55/entities?sponsor=1"
      }
    },
    "node_modules/escape-string-regexp": {
      "version": "4.0.0",
      "resolved": "https://registry.npmjs.org/escape-string-regexp/-/escape-string-regexp-4.0.0.tgz",
      "integrity": "sha512-TtpcNJ3XAzx3Gq8sWRzJaVajRs0uVxA2YAkdb1jm2YkPz4G6egUFAyA3n5vtEIZefPk5Wa4UXbKuS5fKkJWdgA==",
      "license": "MIT",
      "engines": {
        "node": ">=10"
      },
      "funding": {
        "url": "https://github.com/sponsors/sindresorhus"
      }
    },
    "node_modules/htmlparser2": {
      "version": "12.0.0",
      "resolved": "https://registry.npmjs.org/htmlparser2/-/htmlparser2-12.0.0.tgz",
      "integrity": "sha512-Tz7u1i95/g2x2jz81+x0FBVhBhY5aRTvD3tXXdFaljuNdzDLJ8UGNRrTcj2cgQvAg3iW/h77Fz15nLW0L0CrZw==",
      "funding": [
        "https://github.com/fb55/htmlparser2?sponsor=1",
        {
          "type": "github",
          "url": "https://github.com/sponsors/fb55"
        }
      ],
      "license": "MIT",
      "dependencies": {
        "domelementtype": "^3.0.0",
        "domhandler": "^6.0.0",
        "domutils": "^4.0.2",
        "entities": "^8.0.0"
      },
      "engines": {
        "node": ">=20.19.0"
      }
    },
    "node_modules/is-plain-object": {
      "version": "5.0.0",
      "resolved": "https://registry.npmjs.org/is-plain-object/-/is-plain-object-5.0.0.tgz",
      "integrity": "sha512-VRSzKkbMm5jMDoKLbltAkFQ5Qr7VDiTFGXxYFXXowVj387GeGNOCsOH6Msy00SGZ3Fp84b1Naa1psqgcCIEP5Q==",
      "license": "MIT",
      "engines": {
        "node": ">=0.10.0"
      }
    },
    "node_modules/js-tokens": {
      "version": "4.0.0",
      "resolved": "https://registry.npmjs.org/js-tokens/-/js-tokens-4.0.0.tgz",
      "integrity": "sha512-RdJUflcE3cUzKiMqQgsCu06FPu9UdIJO0beYbPhHN4k6apgJtifcoCtT9bcxOpYBtpD2kCM6Sbzg4CausW/PKQ==",
      "peer": true
    },
    "node_modules/launder": {
      "version": "1.7.1",
      "resolved": "https://registry.npmjs.org/launder/-/launder-1.7.1.tgz",
      "integrity": "sha512-mU6WRz5EusL9ZZuiZ5SO4Y6C0P9PAUR9iwdb6bzj4KDihm28DiHFw+/yk9DBH4f+Pv1wuzQ4e2jV3oQ7mkIqvw==",
      "license": "MIT",
      "dependencies": {
        "dayjs": "^1.11.7"
      }
    },
    "node_modules/loose-envify": {
      "version": "1.4.0",
      "resolved": "https://registry.npmjs.org/loose-envify/-/loose-envify-1.4.0.tgz",
      "integrity": "sha512-lyuxPGr/Wfhrlem2CL/UcnUc1zcqKAImBDzukY7Y5F/yQiNdko6+fRLevlw1HgMySw7f611UIY408EtxRSoK3Q==",
      "peer": true,
      "dependencies": {
        "js-tokens": "^3.0.0 || ^4.0.0"
      },
      "bin": {
        "loose-envify": "cli.js"
      }
    },
    "node_modules/marked": {
      "version": "12.0.2",
      "resolved": "https://registry.npmjs.org/marked/-/marked-12.0.2.tgz",
      "integrity": "sha512-qXUm7e/YKFoqFPYPa3Ukg9xlI5cyAtGmyEIzMfW//m6kXwCy2Ps9DYf5ioijFKQ8qyuscrHoY04iJGctu2Kg0Q==",
      "bin": {
        "marked": "bin/marked.js"
      },
      "engines": {
        "node": ">= 18"
      }
    },
    "node_modules/nanoid": {
      "version": "3.3.18",
      "resolved": "https://registry.npmjs.org/nanoid/-/nanoid-3.3.18.tgz",
      "integrity": "sha512-DTg4MJbGMWkfi6VZFdNt2/caMbQy4Ou+Op/hJQvGEWcnVfoA1QA+xzRKAzw9jD6+GVOOeYr/mIcuDSdug6F6+w==",
      "funding": [
        {
          "type": "github",
          "url": "https://github.com/sponsors/ai"
        }
      ],
      "license": "MIT",
      "bin": {
        "nanoid": "bin/nanoid.cjs"
      },
      "engines": {
        "node": "^10 || ^12 || ^13.7 || ^14 || >=15.0.1"
      }
    },
    "node_modules/parse-srcset": {
      "version": "1.0.2",
      "resolved": "https://registry.npmjs.org/parse-srcset/-/parse-srcset-1.0.2.tgz",
      "integrity": "sha512-/2qh0lav6CmI15FzA3i/2Bzk2zCgQhGMkvhOhKNcBVQ1ldgpbfiNTVslmooUmWJcADi1f1kIeynbDRVzNlfR6Q==",
      "license": "MIT"
    },
    "node_modules/picocolors": {
      "version": "1.1.1",
      "resolved": "https://registry.npmjs.org/picocolors/-/picocolors-1.1.1.tgz",
      "integrity": "sha512-xceH2snhtb5M9liqDsmEw56le376mTZkEX/jEb/RxNFyegNul7eNslCXP9FDj/Lcu0X8KEyMceP2ntpaHrDEVA==",
      "license": "ISC"
    },
    "node_modules/postcss": {
      "version": "8.5.26",
      "resolved": "https://registry.npmjs.org/postcss/-/postcss-8.5.26.tgz",
      "integrity": "sha512-u82N74LFzG8ca+dD8puPnplTXoGH4fTPpVGuIbt36G3qvNlkvfD0lEAZSxaly3KX8TS/L1A1gsCEmvKmBcVbkQ==",
      "funding": [
        {
          "type": "opencollective",
          "url": "https://opencollective.com/postcss/"
        },
        {
          "type": "tidelift",
          "url": "https://tidelift.com/funding/github/npm/postcss"
        },
        {
          "type": "github",
          "url": "https://github.com/sponsors/ai"
        }
      ],
      "license": "MIT",
      "dependencies": {
        "nanoid": "^3.3.17",
        "picocolors": "^1.1.1",
        "source-map-js": "^1.2.1"
      },
      "engines": {
        "node": "^10 || ^12 || >=14"
      }
    },
    "node_modules/react": {
      "version": "18.2.0",
      "resolved": "https://registry.npmjs.org/react/-/react-18.2.0.tgz",
      "integrity": "sha512-/3IjMdb2L9QbBdWiW5e3P2/npwMBaU9mHCSCUzNln0ZCYbcfTsGbTJrU/kGemdH2IWmB2ioZ+zkxtmq6g09fGQ==",
      "peer": true,
      "dependencies": {
        "loose-envify": "^1.1.0"
      },
      "engines": {
        "node": ">=0.10.0"
      }
    },
    "node_modules/react-dom": {
      "version": "18.2.0",
      "resolved": "https://registry.npmjs.org/react-dom/-/react-dom-18.2.0.tgz",
      "integrity": "sha512-6IMTriUmvsjHUjNtEDudZfuDQUoWXVxKHhlEGSk81n4YFS+r/Kl99wXiwlVXtPBtJenozv2P+hxDsw9eA7Xo6g==",
      "peer": true,
      "dependencies": {
        "loose-envify": "^1.1.0",
        "scheduler": "^0.23.0"
      },
      "peerDependencies": {
        "react": "^18.2.0"
      }
    },
    "node_modules/sanitize-html": {
      "version": "2.17.6",
      "resolved": "https://registry.npmjs.org/sanitize-html/-/sanitize-html-2.17.6.tgz",
      "integrity": "sha512-M4bo9tfv1yfhQZZKkc6dL07ALrGJtfvNOuhX3hU9AVPR/uPQ+nKOJBqTYc7LfMQblTW04mtSWDJWEyLvygJsLA==",
      "license": "MIT",
      "dependencies": {
        "deepmerge": "^4.2.2",
        "escape-string-regexp": "^4.0.0",
        "htmlparser2": "^12.0.0",
        "is-plain-object": "^5.0.0",
        "launder": "^1.7.1",
        "parse-srcset": "^1.0.2",
        "postcss": "^8.3.11"
      },
      "engines": {
        "node": ">=22.12.0"
      }
    },
    "node_modules/scheduler": {
      "version": "0.23.0",
      "resolved": "https://registry.npmjs.org/scheduler/-/scheduler-0.23.0.tgz",
      "integrity": "sha512-CtuThmgHNg7zIZWAXi3AsyIzA3n4xx7aNyjwC2VJldO2LMVDhFK+63xGqq6CsJH4rTAt6/M+N4GhZiDYPx9eUw==",
      "peer": true,
      "dependencies": {
        "loose-envify": "^1.1.0"
      }
    },
    "node_modules/source-map-js": {
      "version": "1.2.1",
      "resolved": "https://registry.npmjs.org/source-map-js/-/source-map-js-1.2.1.tgz",
      "integrity": "sha512-UXWMKhLOwVKb728IUtQPXxfYU+usdybtUrK/8uGE8CQMvrhOpwvzDBwj0QhSL7MQc7vIsISBG8VQ8+IDQxpfQA==",
      "license": "BSD-3-Clause",
      "engines": {
        "node": ">=0.10.0"
      }
    },
    "node_modules/zod": {
      "version": "3.22.4",
      "resolved": "https://registry.npmjs.org/zod/-/zod-3.22.4.tgz",
      "integrity": "sha512-iC+8Io04lddc+mVqQ9AZ7OQ2MrUKGN+oIQyq1vemgt46jwCwLfhq7/pwnBnNXXXZb8VTVLKwp9EDkx+ryxIWmg==",
      "peer": true,
      "funding": {
        "url": "https://github.com/sponsors/colinhacks"
      }
    }
  }
}
